
Microsoft Visual Studio Solution File, Format Version 12.00
# Visual Studio 15
VisualStudioVersion = 15.0.27130.2010
MinimumVisualStudioVersion = 10.0.40219.1
Project("{FAE04EC0-301F-11D3-BF4B-00C04F79EFBC}") = "ConsoleApp_20180305", "ConsoleApp_20180305\ConsoleApp_20180305.csproj", "{754C7C6E-2C80-4EBA-8E94-9C22364887D3}"
EndProject
Global
	GlobalSection(SolutionConfigurationPlatforms) = preSolution
		Debug|Any CPU = Debug|Any CPU
		Release|Any CPU = Release|Any CPU
	EndGlobalSection
	GlobalSection(ProjectConfigurationPlatforms) = postSolution
		{754C7C6E-2C80-4EBA-8E94-9C22364887D3}.Debug|Any CPU.ActiveCfg = Debug|Any CPU
		{754C7C6E-2C80-4EBA-8E94-9C22364887D3}.Debug|Any CPU.Build.0 = Debug|Any CPU
		{754C7C6E-2C80-4EBA-8E94-9C22364887D3}.Release|Any CPU.ActiveCfg = Release|Any CPU
		{754C7C6E-2C80-4EBA-8E94-9C22364887D3}.Release|Any CPU.Build.0 = Release|Any CPU
	EndGlobalSection
	GlobalSection(SolutionProperties) = preSolution
		HideSolutionNode = FALSE
	EndGlobalSection
	GlobalSection(ExtensibilityGlobals) = postSolution
		SolutionGuid = {A47B8BD2-8A4A-4394-A9E6-9D9D3039D320}
	EndGlobalSection
EndGlobal
